
Microsoft Visual Studio Solution File, Format Version 12.00
# Visual Studio Version 17
VisualStudioVersion = 17.7.34202.233
MinimumVisualStudioVersion = 10.0.40219.1
Project("{8BC9CEB8-8B4A-11D0-8D11-00A0C91BC942}") = "WHASOS", "WHASOS\WHASOS.vcxproj", "{CEDE5B4B-60CA-4D10-A6DC-EB9CFF988DC7}"
EndProject
Project("{2150E333-8FDC-42A3-9474-1A3956D46DE8}") = "Solution Items", "Solution Items", "{C7229612-D17F-4159-9D33-6AAA22B0DADC}"
EndProject
Global
	GlobalSection(SolutionConfigurationPlatforms) = preSolution
		Debug|x64 = Debug|x64
		Debug|x86 = Debug|x86
		Release|x64 = Release|x64
		Release|x86 = Release|x86
	EndGlobalSection
	GlobalSection(ProjectConfigurationPlatforms) = postSolution
		{CEDE5B4B-60CA-4D10-A6DC-EB9CFF988DC7}.Debug|x64.ActiveCfg = Debug|Win32
		{CEDE5B4B-60CA-4D10-A6DC-EB9CFF988DC7}.Debug|x64.Build.0 = Debug|Win32
		{CEDE5B4B-60CA-4D10-A6DC-EB9CFF988DC7}.Debug|x86.ActiveCfg = Debug|x64
		{CEDE5B4B-60CA-4D10-A6DC-EB9CFF988DC7}.Debug|x86.Build.0 = Debug|x64
		{CEDE5B4B-60CA-4D10-A6DC-EB9CFF988DC7}.Release|x64.ActiveCfg = Release|x64
		{CEDE5B4B-60CA-4D10-A6DC-EB9CFF988DC7}.Release|x64.Build.0 = Release|x64
		{CEDE5B4B-60CA-4D10-A6DC-EB9CFF988DC7}.Release|x86.ActiveCfg = Release|Win32
		{CEDE5B4B-60CA-4D10-A6DC-EB9CFF988DC7}.Release|x86.Build.0 = Release|Win32
	EndGlobalSection
	GlobalSection(SolutionProperties) = preSolution
		HideSolutionNode = FALSE
	EndGlobalSection
	GlobalSection(ExtensibilityGlobals) = postSolution
		SolutionGuid = {433B8CB3-1AC5-4120-A4DA-57F8D53F8457}
	EndGlobalSection
EndGlobal
